github.com/nitroci/nitroci-cobra-core v0.0.0-20220130140335-ee5ba6055740 h1:gjn2cd3P8+mzPR1cWS1fG/+2p9zF3OXfbeVVW0MZG2U=
github.com/nitroci/nitroci-cobra-core v0.0.0-20220130140335-ee5ba6055740/go.mod h1:YHb7KhkTVfc2Gb//tvnbYMtzmG+l4Nk4vXynnynhXdo=
github.com/nitroci/nitroci-cobra-plugin-core v0.0.0-20220130140533-eea58b1f2a8c h1:MD4TZ56kP35ki6lI548eX1L+7Qa0jDG9vI9yxnVqoso=
github.com/nitroci/nitroci-cobra-plugin-core v0.0.0-20220130140533-eea58b1f2a8c/go.mod h1:npL07J8FdlyeWpH2/Tsaany3SQstF/28f1D9lUa6xxM=
github.com/nitroci/nitroci-core v0.0.0-20220130140147-92c779838796 h1:pvanEJE8UjbI59XLbSudquwbLuFbajCds6jlWWRk6Kw=
github.com/nitroci/nitroci-core v0.0.0-20220130140147-92c779838796/go.mod h1:jJ958t/stTW2S2QZNKDVZdaQgJ7GYmUfzlT2cIy727o=
